// !$*UTF8*$!
{
	archiveVersion = 1;
	classes = {
	};
	objectVersion = 50;
	objects = {

/* Begin PBXBuildFile section */
		C42E26A223D00E770095E55F /* AppDelegate.swift in Sources */ = {isa = PBXBuildFile; fileRef = C42E26A123D00E770095E55F /* AppDelegate.swift */; };
		C42E26A423D00E770095E55F /* SceneDelegate.swift in Sources */ = {isa = PBXBuildFile; fileRef = C42E26A323D00E770095E55F /* SceneDelegate.swift */; };
		C42E26A623D00E770095E55F /* ViewController.swift in Sources */ = {isa = PBXBuildFile; fileRef = C42E26A523D00E770095E55F /* ViewController.swift */; };
		C42E26A923D00E770095E55F /* Main.storyboard in Resources */ = {isa = PBXBuildFile; fileRef = C42E26A723D00E770095E55F /* Main.storyboard */; };
		C42E26AB23D00E780095E55F /* Assets.xcassets in Resources */ = {isa = PBXBuildFile; fileRef = C42E26AA23D00E780095E55F /* Assets.xcassets */; };
		C42E26AE23D00E780095E55F /* LaunchScreen.storyboard in Resources */ = {isa = PBXBuildFile; fileRef = C42E26AC23D00E780095E55F /* LaunchScreen.storyboard */; };
		C4A5D56723D010D6008BCD19 /* UINavigationController+.swift in Sources */ = {isa = PBXBuildFile; fileRef = C4A5D56623D010D6008BCD19 /* UINavigationController+.swift */; };
		C4A5D56923D02994008BCD19 /* Comparable+.swift in Sources */ = {isa = PBXBuildFile; fileRef = C4A5D56823D02994008BCD19 /* Comparable+.swift */; };
		C4A5D56B23D02ABE008BCD19 /* UIView+.swift in Sources */ = {isa = PBXBuildFile; fileRef = C4A5D56A23D02ABE008BCD19 /* UIView+.swift */; };
		C4A5D56D23D02D35008BCD19 /* TwitterUser.swift in Sources */ = {isa = PBXBuildFile; fileRef = C4A5D56C23D02D35008BCD19 /* TwitterUser.swift */; };
/* End PBXBuildFile section */

/* Begin PBXFileReference section */
		C42E269E23D00E770095E55F /* TwitterLikeHeaderExample.app */ = {isa = PBXFileReference; explicitFileType = wrapper.application; includeInIndex = 0; path = TwitterLikeHeaderExample.app; sourceTree = BUILT_PRODUCTS_DIR; };
		C42E26A123D00E770095E55F /* AppDelegate.swift */ = {isa = PBXFileReference; lastKnownFileType = sourcecode.swift; path = AppDelegate.swift; sourceTree = "<group>"; };
		C42E26A323D00E770095E55F /* SceneDelegate.swift */ = {isa = PBXFileReference; lastKnownFileType = sourcecode.swift; path = SceneDelegate.swift; sourceTree = "<group>"; };
		C42E26A523D00E770095E55F /* ViewController.swift */ = {isa = PBXFileReference; lastKnownFileType = sourcecode.swift; path = ViewController.swift; sourceTree = "<group>"; };
		C42E26A823D00E770095E55F /* Base */ = {isa = PBXFileReference; lastKnownFileType = file.storyboard; name = Base; path = Base.lproj/Main.storyboard; sourceTree = "<group>"; };
		C42E26AA23D00E780095E55F /* Assets.xcassets */ = {isa = PBXFileReference; lastKnownFileType = folder.assetcatalog; path = Assets.xcassets; sourceTree = "<group>"; };
		C42E26AD23D00E780095E55F /* Base */ = {isa = PBXFileReference; lastKnownFileType = file.storyboard; name = Base; path = Base.lproj/LaunchScreen.storyboard; sourceTree = "<group>"; };
		C42E26AF23D00E780095E55F /* Info.plist */ = {isa = PBXFileReference; lastKnownFileType = text.plist.xml; path = Info.plist; sourceTree = "<group>"; };
		C4A5D56623D010D6008BCD19 /* UINavigationController+.swift */ = {isa = PBXFileReference; lastKnownFileType = sourcecode.swift; path = "UINavigationController+.swift"; sourceTree = "<group>"; };
		C4A5D56823D02994008BCD19 /* Comparable+.swift */ = {isa = PBXFileReference; lastKnownFileType = sourcecode.swift; path = "Comparable+.swift"; sourceTree = "<group>"; };
		C4A5D56A23D02ABE008BCD19 /* UIView+.swift */ = {isa = PBXFileReference; lastKnownFileType = sourcecode.swift; path = "UIView+.swift"; sourceTree = "<group>"; };
		C4A5D56C23D02D35008BCD19 /* TwitterUser.swift */ = {isa = PBXFileReference; lastKnownFileType = sourcecode.swift; path = TwitterUser.swift; sourceTree = "<group>"; };
/* End PBXFileReference section */

/* Begin PBXFrameworksBuildPhase section */
		C42E269B23D00E770095E55F /* Frameworks */ = {
			isa = PBXFrameworksBuildPhase;
			buildActionMask = 2147483647;
			files = (
			);
			runOnlyForDeploymentPostprocessing = 0;
		};
/* End PBXFrameworksBuildPhase section */

/* Begin PBXGroup section */
		C42E269523D00E770095E55F = {
			isa = PBXGroup;
			children = (
				C42E26A023D00E770095E55F /* TwitterLikeHeaderExample */,
				C42E269F23D00E770095E55F /* Products */,
			);
			sourceTree = "<group>";
		};
		C42E269F23D00E770095E55F /* Products */ = {
			isa = PBXGroup;
			children = (
				C42E269E23D00E770095E55F /* TwitterLikeHeaderExample.app */,
			);
			name = Products;
			sourceTree = "<group>";
		};
		C42E26A023D00E770095E55F /* TwitterLikeHeaderExample */ = {
			isa = PBXGroup;
			children = (
				C4A5D56523D010C9008BCD19 /* Extensions */,
				C42E26A123D00E770095E55F /* AppDelegate.swift */,
				C42E26A323D00E770095E55F /* SceneDelegate.swift */,
				C42E26A523D00E770095E55F /* ViewController.swift */,
				C42E26A723D00E770095E55F /* Main.storyboard */,
				C42E26AA23D00E780095E55F /* Assets.xcassets */,
				C42E26AC23D00E780095E55F /* LaunchScreen.storyboard */,
				C42E26AF23D00E780095E55F /* Info.plist */,
				C4A5D56C23D02D35008BCD19 /* TwitterUser.swift */,
			);
			path = TwitterLikeHeaderExample;
			sourceTree = "<group>";
		};
		C4A5D56523D010C9008BCD19 /* Extensions */ = {
			isa = PBXGroup;
			children = (
				C4A5D56623D010D6008BCD19 /* UINavigationController+.swift */,
				C4A5D56823D02994008BCD19 /* Comparable+.swift */,
				C4A5D56A23D02ABE008BCD19 /* UIView+.swift */,
			);
			path = Extensions;
			sourceTree = "<group>";
		};
/* End PBXGroup section */

/* Begin PBXNativeTarget section */
		C42E269D23D00E770095E55F /* TwitterLikeHeaderExample */ = {
			isa = PBXNativeTarget;
			buildConfigurationList = C42E26B223D00E780095E55F /* Build configuration list for PBXNativeTarget "TwitterLikeHeaderExample" */;
			buildPhases = (
				C42E269A23D00E770095E55F /* Sources */,
				C42E269B23D00E770095E55F /* Frameworks */,
				C42E269C23D00E770095E55F /* Resources */,
			);
			buildRules = (
			);
			dependencies = (
			);
			name = TwitterLikeHeaderExample;
			productName = TwitterLikeHeaderExample;
			productReference = C42E269E23D00E770095E55F /* TwitterLikeHeaderExample.app */;
			productType = "com.apple.product-type.application";
		};
/* End PBXNativeTarget section */

/* Begin PBXProject section */
		C42E269623D00E770095E55F /* Project object */ = {
			isa = PBXProject;
			attributes = {
				LastSwiftUpdateCheck = 1130;
				LastUpgradeCheck = 1130;
				TargetAttributes = {
					C42E269D23D00E770095E55F = {
						CreatedOnToolsVersion = 11.3;
					};
				};
			};
			buildConfigurationList = C42E269923D00E770095E55F /* Build configuration list for PBXProject "TwitterLikeHeaderExample" */;
			compatibilityVersion = "Xcode 9.3";
			developmentRegion = en;
			hasScannedForEncodings = 0;
			knownRegions = (
				en,
				Base,
			);
			mainGroup = C42E269523D00E770095E55F;
			productRefGroup = C42E269F23D00E770095E55F /* Products */;
			projectDirPath = "";
			projectRoot = "";
			targets = (
				C42E269D23D00E770095E55F /* TwitterLikeHeaderExample */,
			);
		};
/* End PBXProject section */

/* Begin PBXResourcesBuildPhase section */
		C42E269C23D00E770095E55F /* Resources */ = {
			isa = PBXResourcesBuildPhase;
			buildActionMask = 2147483647;
			files = (
				C42E26AE23D00E780095E55F /* LaunchScreen.storyboard in Resources */,
				C42E26AB23D00E780095E55F /* Assets.xcassets in Resources */,
				C42E26A923D00E770095E55F /* Main.storyboard in Resources */,
			);
			runOnlyForDeploymentPostprocessing = 0;
		};
/* End PBXResourcesBuildPhase section */

/* Begin PBXSourcesBuildPhase section */
		C42E269A23D00E770095E55F /* Sources */ = {
			isa = PBXSourcesBuildPhase;
			buildActionMask = 2147483647;
			files = (
				C4A5D56B23D02ABE008BCD19 /* UIView+.swift in Sources */,
				C42E26A623D00E770095E55F /* ViewController.swift in Sources */,
				C4A5D56723D010D6008BCD19 /* UINavigationController+.swift in Sources */,
				C4A5D56D23D02D35008BCD19 /* TwitterUser.swift in Sources */,
				C42E26A223D00E770095E55F /* AppDelegate.swift in Sources */,
				C42E26A423D00E770095E55F /* SceneDelegate.swift in Sources */,
				C4A5D56923D02994008BCD19 /* Comparable+.swift in Sources */,
			);
			runOnlyForDeploymentPostprocessing = 0;
		};
/* End PBXSourcesBuildPhase section */

/* Begin PBXVariantGroup section */
		C42E26A723D00E770095E55F /* Main.storyboard */ = {
			isa = PBXVariantGroup;
			children = (
				C42E26A823D00E770095E55F /* Base */,
			);
			name = Main.storyboard;
			sourceTree = "<group>";
		};
		C42E26AC23D00E780095E55F /* LaunchScreen.storyboard */ = {
			isa = PBXVariantGroup;
			children = (
				C42E26AD23D00E780095E55F /* Base */,
			);
			name = LaunchScreen.storyboard;
			sourceTree = "<group>";
		};
/* End PBXVariantGroup section */

/* Begin XCBuildConfiguration section */
		C42E26B023D00E780095E55F /* Debug */ = {
			isa = XCBuildConfiguration;
			buildSettings = {
				ALWAYS_SEARCH_USER_PATHS = NO;
				CLANG_ANALYZER_NONNULL = YES;
				CLANG_ANALYZER_NUMBER_OBJECT_CONVERSION = YES_AGGRESSIVE;
				CLANG_CXX_LANGUAGE_STANDARD = "gnu++14";
				CLANG_CXX_LIBRARY = "libc++";
				CLANG_ENABLE_MODULES = YES;
				CLANG_ENABLE_OBJC_ARC = YES;
				CLANG_ENABLE_OBJC_WEAK = YES;
				CLANG_WARN_BLOCK_CAPTURE_AUTORELEASING = YES;
				CLANG_WARN_BOOL_CONVERSION = YES;
				CLANG_WARN_COMMA = YES;
				CLANG_WARN_CONSTANT_CONVERSION = YES;
				CLANG_WARN_DEPRECATED_OBJC_IMPLEMENTATIONS = YES;
				CLANG_WARN_DIRECT_OBJC_ISA_USAGE = YES_ERROR;
				CLANG_WARN_DOCUMENTATION_COMMENTS = YES;
				CLANG_WARN_EMPTY_BODY = YES;
				CLANG_WARN_ENUM_CONVERSION = YES;
				CLANG_WARN_INFINITE_RECURSION = YES;
				CLANG_WARN_INT_CONVERSION = YES;
				CLANG_WARN_NON_LITERAL_NULL_CONVERSION = YES;
				CLANG_WARN_OBJC_IMPLICIT_RETAIN_SELF = YES;
				CLANG_WARN_OBJC_LITERAL_CONVERSION = YES;
				CLANG_WARN_OBJC_ROOT_CLASS = YES_ERROR;
				CLANG_WARN_RANGE_LOOP_ANALYSIS = YES;
				CLANG_WARN_STRICT_PROTOTYPES = YES;
				CLANG_WARN_SUSPICIOUS_MOVE = YES;
				CLANG_WARN_UNGUARDED_AVAILABILITY = YES_AGGRESSIVE;
				CLANG_WARN_UNREACHABLE_CODE = YES;
				CLANG_WARN__DUPLICATE_METHOD_MATCH = YES;
				COPY_PHASE_STRIP = NO;
				DEBUG_INFORMATION_FORMAT = dwarf;
				ENABLE_STRICT_OBJC_MSGSEND = YES;
				ENABLE_TESTABILITY = YES;
				GCC_C_LANGUAGE_STANDARD = gnu11;
				GCC_DYNAMIC_NO_PIC = NO;
				GCC_NO_COMMON_BLOCKS = YES;
				GCC_OPTIMIZATION_LEVEL = 0;
				GCC_PREPROCESSOR_DEFINITIONS = (
					"DEBUG=1",
					"$(inherited)",
				);
				GCC_WARN_64_TO_32_BIT_CONVERSION = YES;
				GCC_WARN_ABOUT_RETURN_TYPE = YES_ERROR;
				GCC_WARN_UNDECLARED_SELECTOR = YES;
				GCC_WARN_UNINITIALIZED_AUTOS = YES_AGGRESSIVE;
				GCC_WARN_UNUSED_FUNCTION = YES;
				GCC_WARN_UNUSED_VARIABLE = YES;
				IPHONEOS_DEPLOYMENT_TARGET = 13.2;
				MTL_ENABLE_DEBUG_INFO = INCLUDE_SOURCE;
				MTL_FAST_MATH = YES;
				ONLY_ACTIVE_ARCH = YES;
				SDKROOT = iphoneos;
				SWIFT_ACTIVE_COMPILATION_CONDITIONS = DEBUG;
				SWIFT_OPTIMIZATION_LEVEL = "-Onone";
			};
			name = Debug;
		};
		C42E26B123D00E780095E55F /* Release */ = {
			isa = XCBuildConfiguration;
			buildSettings = {
				ALWAYS_SEARCH_USER_PATHS = NO;
				CLANG_ANALYZER_NONNULL = YES;
				CLANG_ANALYZER_NUMBER_OBJECT_CONVERSION = YES_AGGRESSIVE;
				CLANG_CXX_LANGUAGE_STANDARD = "gnu++14";
				CLANG_CXX_LIBRARY = "libc++";
				CLANG_ENABLE_MODULES = YES;
				CLANG_ENABLE_OBJC_ARC = YES;
				CLANG_ENABLE_OBJC_WEAK = YES;
				CLANG_WARN_BLOCK_CAPTURE_AUTORELEASING = YES;
				CLANG_WARN_BOOL_CONVERSION = YES;
				CLANG_WARN_COMMA = YES;
				CLANG_WARN_CONSTANT_CONVERSION = YES;
				CLANG_WARN_DEPRECATED_OBJC_IMPLEMENTATIONS = YES;
				CLANG_WARN_DIRECT_OBJC_ISA_USAGE = YES_ERROR;
				CLANG_WARN_DOCUMENTATION_COMMENTS = YES;
				CLANG_WARN_EMPTY_BODY = YES;
				CLANG_WARN_ENUM_CONVERSION = YES;
				CLANG_WARN_INFINITE_RECURSION = YES;
				CLANG_WARN_INT_CONVERSION = YES;
				CLANG_WARN_NON_LITERAL_NULL_CONVERSION = YES;
				CLANG_WARN_OBJC_IMPLICIT_RETAIN_SELF = YES;
				CLANG_WARN_OBJC_LITERAL_CONVERSION = YES;
				CLANG_WARN_OBJC_ROOT_CLASS = YES_ERROR;
				CLANG_WARN_RANGE_LOOP_ANALYSIS = YES;
				CLANG_WARN_STRICT_PROTOTYPES = YES;
				CLANG_WARN_SUSPICIOUS_MOVE = YES;
				CLANG_WARN_UNGUARDED_AVAILABILITY = YES_AGGRESSIVE;
				CLANG_WARN_UNREACHABLE_CODE = YES;
				CLANG_WARN__DUPLICATE_METHOD_MATCH = YES;
				COPY_PHASE_STRIP = NO;
				DEBUG_INFORMATION_FORMAT = "dwarf-with-dsym";
				ENABLE_NS_ASSERTIONS = NO;
				ENABLE_STRICT_OBJC_MSGSEND = YES;
				GCC_C_LANGUAGE_STANDARD = gnu11;
				GCC_NO_COMMON_BLOCKS = YES;
				GCC_WARN_64_TO_32_BIT_CONVERSION = YES;
				GCC_WARN_ABOUT_RETURN_TYPE = YES_ERROR;
				GCC_WARN_UNDECLARED_SELECTOR = YES;
				GCC_WARN_UNINITIALIZED_AUTOS = YES_AGGRESSIVE;
				GCC_WARN_UNUSED_FUNCTION = YES;
				GCC_WARN_UNUSED_VARIABLE = YES;
				IPHONEOS_DEPLOYMENT_TARGET = 13.2;
				MTL_ENABLE_DEBUG_INFO = NO;
				MTL_FAST_MATH = YES;
				SDKROOT = iphoneos;
				SWIFT_COMPILATION_MODE = wholemodule;
				SWIFT_OPTIMIZATION_LEVEL = "-O";
				VALIDATE_PRODUCT = YES;
			};
			name = Release;
		};
		C42E26B323D00E780095E55F /* Debug */ = {
			isa = XCBuildConfiguration;
			buildSettings = {
				ASSETCATALOG_COMPILER_APPICON_NAME = AppIcon;
				CODE_SIGN_STYLE = Automatic;
				INFOPLIST_FILE = TwitterLikeHeaderExample/Info.plist;
				LD_RUNPATH_SEARCH_PATHS = (
					"$(inherited)",
					"@executable_path/Frameworks",
				);
				PRODUCT_BUNDLE_IDENTIFIER = "-.TwitterLikeHeaderExample";
				PRODUCT_NAME = "$(TARGET_NAME)";
				SWIFT_VERSION = 5.0;
				TARGETED_DEVICE_FAMILY = 1;
			};
			name = Debug;
		};
		C42E26B423D00E780095E55F /* Release */ = {
			isa = XCBuildConfiguration;
			buildSettings = {
				ASSETCATALOG_COMPILER_APPICON_NAME = AppIcon;
				CODE_SIGN_STYLE = Automatic;
				INFOPLIST_FILE = TwitterLikeHeaderExample/Info.plist;
				LD_RUNPATH_SEARCH_PATHS = (
					"$(inherited)",
					"@executable_path/Frameworks",
				);
				PRODUCT_BUNDLE_IDENTIFIER = "-.TwitterLikeHeaderExample";
				PRODUCT_NAME = "$(TARGET_NAME)";
				SWIFT_VERSION = 5.0;
				TARGETED_DEVICE_FAMILY = 1;
			};
			name = Release;
		};
/* End XCBuildConfiguration section */

/* Begin XCConfigurationList section */
		C42E269923D00E770095E55F /* Build configuration list for PBXProject "TwitterLikeHeaderExample" */ = {
			isa = XCConfigurationList;
			buildConfigurations = (
				C42E26B023D00E780095E55F /* Debug */,
				C42E26B123D00E780095E55F /* Release */,
			);
			defaultConfigurationIsVisible = 0;
			defaultConfigurationName = Release;
		};
		C42E26B223D00E780095E55F /* Build configuration list for PBXNativeTarget "TwitterLikeHeaderExample" */ = {
			isa = XCConfigurationList;
			buildConfigurations = (
				C42E26B323D00E780095E55F /* Debug */,
				C42E26B423D00E780095E55F /* Release */,
			);
			defaultConfigurationIsVisible = 0;
			defaultConfigurationName = Release;
		};
/* End XCConfigurationList section */
	};
	rootObject = C42E269623D00E770095E55F /* Project object */;
}
